
Microsoft Visual Studio Solution File, Format Version 12.00
# Visual Studio Version 16
VisualStudioVersion = 16.0.30626.31
MinimumVisualStudioVersion = 10.0.40219.1
Project("{2150E333-8FDC-42A3-9474-1A3956D46DE8}") = "Libraries", "Libraries", "{639168A9-F0C2-4381-8DD1-A45E27A00951}"
EndProject
Project("{2150E333-8FDC-42A3-9474-1A3956D46DE8}") = "Modules", "Modules", "{B2ADCA7A-E41C-48D1-827C-BC699C783C8D}"
EndProject
Project("{2150E333-8FDC-42A3-9474-1A3956D46DE8}") = "Presentation", "Presentation", "{558B8BBC-3AEA-46A7-A42B-8F98C093167E}"
EndProject
Project("{FAE04EC0-301F-11D3-BF4B-00C04F79EFBC}") = "Portal.Domain", "Libraries\Portal.Domain\Portal.Domain.csproj", "{9AE3C547-DB5A-4822-B1AC-0511C16F59BC}"
EndProject
Project("{FAE04EC0-301F-11D3-BF4B-00C04F79EFBC}") = "Portal.Infrastructure", "Libraries\Portal.Infrastructure\Portal.Infrastructure.csproj", "{03AF5C88-EB3C-449D-9492-A28107494AB4}"
EndProject
Project("{FAE04EC0-301F-11D3-BF4B-00C04F79EFBC}") = "Portal.Application", "Libraries\Portal.Application\Portal.Application.csproj", "{866E10A2-BF9E-4184-A4A5-BE6E27E2E666}"
EndProject
Project("{FAE04EC0-301F-11D3-BF4B-00C04F79EFBC}") = "Portal.API", "Presentation\Portal.API\Portal.API.csproj", "{37053D40-7F1B-47E3-8AAD-6861273BD480}"
EndProject
Global
	GlobalSection(SolutionConfigurationPlatforms) = preSolution
		Debug|Any CPU = Debug|Any CPU
		Release|Any CPU = Release|Any CPU
	EndGlobalSection
	GlobalSection(ProjectConfigurationPlatforms) = postSolution
		{9AE3C547-DB5A-4822-B1AC-0511C16F59BC}.Debug|Any CPU.ActiveCfg = Debug|Any CPU
		{9AE3C547-DB5A-4822-B1AC-0511C16F59BC}.Debug|Any CPU.Build.0 = Debug|Any CPU
		{9AE3C547-DB5A-4822-B1AC-0511C16F59BC}.Release|Any CPU.ActiveCfg = Release|Any CPU
		{9AE3C547-DB5A-4822-B1AC-0511C16F59BC}.Release|Any CPU.Build.0 = Release|Any CPU
		{03AF5C88-EB3C-449D-9492-A28107494AB4}.Debug|Any CPU.ActiveCfg = Debug|Any CPU
		{03AF5C88-EB3C-449D-9492-A28107494AB4}.Debug|Any CPU.Build.0 = Debug|Any CPU
		{03AF5C88-EB3C-449D-9492-A28107494AB4}.Release|Any CPU.ActiveCfg = Release|Any CPU
		{03AF5C88-EB3C-449D-9492-A28107494AB4}.Release|Any CPU.Build.0 = Release|Any CPU
		{866E10A2-BF9E-4184-A4A5-BE6E27E2E666}.Debug|Any CPU.ActiveCfg = Debug|Any CPU
		{866E10A2-BF9E-4184-A4A5-BE6E27E2E666}.Debug|Any CPU.Build.0 = Debug|Any CPU
		{866E10A2-BF9E-4184-A4A5-BE6E27E2E666}.Release|Any CPU.ActiveCfg = Release|Any CPU
		{866E10A2-BF9E-4184-A4A5-BE6E27E2E666}.Release|Any CPU.Build.0 = Release|Any CPU
		{37053D40-7F1B-47E3-8AAD-6861273BD480}.Debug|Any CPU.ActiveCfg = Debug|Any CPU
		{37053D40-7F1B-47E3-8AAD-6861273BD480}.Debug|Any CPU.Build.0 = Debug|Any CPU
		{37053D40-7F1B-47E3-8AAD-6861273BD480}.Release|Any CPU.ActiveCfg = Release|Any CPU
		{37053D40-7F1B-47E3-8AAD-6861273BD480}.Release|Any CPU.Build.0 = Release|Any CPU
	EndGlobalSection
	GlobalSection(SolutionProperties) = preSolution
		HideSolutionNode = FALSE
	EndGlobalSection
	GlobalSection(NestedProjects) = preSolution
		{9AE3C547-DB5A-4822-B1AC-0511C16F59BC} = {639168A9-F0C2-4381-8DD1-A45E27A00951}
		{03AF5C88-EB3C-449D-9492-A28107494AB4} = {639168A9-F0C2-4381-8DD1-A45E27A00951}
		{866E10A2-BF9E-4184-A4A5-BE6E27E2E666} = {639168A9-F0C2-4381-8DD1-A45E27A00951}
		{37053D40-7F1B-47E3-8AAD-6861273BD480} = {558B8BBC-3AEA-46A7-A42B-8F98C093167E}
	EndGlobalSection
	GlobalSection(ExtensibilityGlobals) = postSolution
		SolutionGuid = {D9E8FEAB-FC0A-4E50-AF6A-60C5D9F10F7A}
	EndGlobalSection
EndGlobal
